
Microsoft Visual Studio Solution File, Format Version 12.00
# Visual Studio Version 17
VisualStudioVersion = 17.14.36603.0
MinimumVisualStudioVersion = 10.0.40219.1
Project("{FAE04EC0-301F-11D3-BF4B-00C04F79EFBC}") = "StrandC_OSZTV", "StrandC_OSZTV\StrandC_OSZTV.csproj", "{F11030B4-A024-4F2D-B475-D20E0C36B42B}"
EndProject
Project("{FAE04EC0-301F-11D3-BF4B-00C04F79EFBC}") = "StrandC_OSZTVTests", "StrandC_OSZTVTests\StrandC_OSZTVTests.csproj", "{50954BFE-A7DA-46BC-899C-1B555BCF86F8}"
EndProject
Global
	GlobalSection(SolutionConfigurationPlatforms) = preSolution
		Debug|Any CPU = Debug|Any CPU
		Release|Any CPU = Release|Any CPU
	EndGlobalSection
	GlobalSection(ProjectConfigurationPlatforms) = postSolution
		{F11030B4-A024-4F2D-B475-D20E0C36B42B}.Debug|Any CPU.ActiveCfg = Debug|Any CPU
		{F11030B4-A024-4F2D-B475-D20E0C36B42B}.Debug|Any CPU.Build.0 = Debug|Any CPU
		{F11030B4-A024-4F2D-B475-D20E0C36B42B}.Release|Any CPU.ActiveCfg = Release|Any CPU
		{F11030B4-A024-4F2D-B475-D20E0C36B42B}.Release|Any CPU.Build.0 = Release|Any CPU
		{50954BFE-A7DA-46BC-899C-1B555BCF86F8}.Debug|Any CPU.ActiveCfg = Debug|Any CPU
		{50954BFE-A7DA-46BC-899C-1B555BCF86F8}.Debug|Any CPU.Build.0 = Debug|Any CPU
		{50954BFE-A7DA-46BC-899C-1B555BCF86F8}.Release|Any CPU.ActiveCfg = Release|Any CPU
		{50954BFE-A7DA-46BC-899C-1B555BCF86F8}.Release|Any CPU.Build.0 = Release|Any CPU
	EndGlobalSection
	GlobalSection(SolutionProperties) = preSolution
		HideSolutionNode = FALSE
	EndGlobalSection
	GlobalSection(ExtensibilityGlobals) = postSolution
		SolutionGuid = {D7A77D27-B01F-4920-B9B7-B2F77EBB386A}
	EndGlobalSection
EndGlobal
